
Microsoft Visual Studio Solution File, Format Version 12.00
# Visual Studio Version 17
VisualStudioVersion = 17.3.32922.545
MinimumVisualStudioVersion = 10.0.40219.1
Project("{FAE04EC0-301F-11D3-BF4B-00C04F79EFBC}") = "ShoppingCostPlanner.Api", "ShoppingCostPlanner.Api\ShoppingCostPlanner.Api.csproj", "{08FA222F-6B1C-4D53-81FE-1AAB6B53A537}"
EndProject
Project("{FAE04EC0-301F-11D3-BF4B-00C04F79EFBC}") = "ShoppingCostPlanner.Domain", "ShoppingCostPlanner.Domain\ShoppingCostPlanner.Domain.csproj", "{DD8400BA-6F04-4653-8447-2FC074342B12}"
EndProject
Project("{FAE04EC0-301F-11D3-BF4B-00C04F79EFBC}") = "ShoppingCostPlanner.Application", "ShoppingCostPlanner.Application\ShoppingCostPlanner.Application.csproj", "{1BBC63A1-720B-4480-B82E-99BE7A59723A}"
EndProject
Project("{FAE04EC0-301F-11D3-BF4B-00C04F79EFBC}") = "ShoppingCostPlanner.Infrastructure", "ShoppingCostPlanner.Infrastructure\ShoppingCostPlanner.Infrastructure.csproj", "{FC7C0D19-45F9-442B-A6CC-0F79C1209B25}"
EndProject
Global
	GlobalSection(SolutionConfigurationPlatforms) = preSolution
		Debug|Any CPU = Debug|Any CPU
		Release|Any CPU = Release|Any CPU
	EndGlobalSection
	GlobalSection(ProjectConfigurationPlatforms) = postSolution
		{08FA222F-6B1C-4D53-81FE-1AAB6B53A537}.Debug|Any CPU.ActiveCfg = Debug|Any CPU
		{08FA222F-6B1C-4D53-81FE-1AAB6B53A537}.Debug|Any CPU.Build.0 = Debug|Any CPU
		{08FA222F-6B1C-4D53-81FE-1AAB6B53A537}.Release|Any CPU.ActiveCfg = Release|Any CPU
		{08FA222F-6B1C-4D53-81FE-1AAB6B53A537}.Release|Any CPU.Build.0 = Release|Any CPU
		{DD8400BA-6F04-4653-8447-2FC074342B12}.Debug|Any CPU.ActiveCfg = Debug|Any CPU
		{DD8400BA-6F04-4653-8447-2FC074342B12}.Debug|Any CPU.Build.0 = Debug|Any CPU
		{DD8400BA-6F04-4653-8447-2FC074342B12}.Release|Any CPU.ActiveCfg = Release|Any CPU
		{DD8400BA-6F04-4653-8447-2FC074342B12}.Release|Any CPU.Build.0 = Release|Any CPU
		{1BBC63A1-720B-4480-B82E-99BE7A59723A}.Debug|Any CPU.ActiveCfg = Debug|Any CPU
		{1BBC63A1-720B-4480-B82E-99BE7A59723A}.Debug|Any CPU.Build.0 = Debug|Any CPU
		{1BBC63A1-720B-4480-B82E-99BE7A59723A}.Release|Any CPU.ActiveCfg = Release|Any CPU
		{1BBC63A1-720B-4480-B82E-99BE7A59723A}.Release|Any CPU.Build.0 = Release|Any CPU
		{FC7C0D19-45F9-442B-A6CC-0F79C1209B25}.Debug|Any CPU.ActiveCfg = Debug|Any CPU
		{FC7C0D19-45F9-442B-A6CC-0F79C1209B25}.Debug|Any CPU.Build.0 = Debug|Any CPU
		{FC7C0D19-45F9-442B-A6CC-0F79C1209B25}.Release|Any CPU.ActiveCfg = Release|Any CPU
		{FC7C0D19-45F9-442B-A6CC-0F79C1209B25}.Release|Any CPU.Build.0 = Release|Any CPU
	EndGlobalSection
	GlobalSection(SolutionProperties) = preSolution
		HideSolutionNode = FALSE
	EndGlobalSection
	GlobalSection(ExtensibilityGlobals) = postSolution
		SolutionGuid = {2E5DF650-ED49-4E1F-95EA-1ADFC7A5BEC4}
	EndGlobalSection
EndGlobal
